
Microsoft Visual Studio Solution File, Format Version 12.00
# Visual Studio Version 17
VisualStudioVersion = 17.1.32328.378
MinimumVisualStudioVersion = 10.0.40219.1
Project("{FAE04EC0-301F-11D3-BF4B-00C04F79EFBC}") = "TokenCacheFxn", "TokenCacheFxn\TokenCacheFxn.csproj", "{B7556E24-BA02-4849-8EEA-2FB4038D358B}"
EndProject
Global
	GlobalSection(SolutionConfigurationPlatforms) = preSolution
		Debug|Any CPU = Debug|Any CPU
		Release|Any CPU = Release|Any CPU
	EndGlobalSection
	GlobalSection(ProjectConfigurationPlatforms) = postSolution
		{B7556E24-BA02-4849-8EEA-2FB4038D358B}.Debug|Any CPU.ActiveCfg = Debug|Any CPU
		{B7556E24-BA02-4849-8EEA-2FB4038D358B}.Debug|Any CPU.Build.0 = Debug|Any CPU
		{B7556E24-BA02-4849-8EEA-2FB4038D358B}.Release|Any CPU.ActiveCfg = Release|Any CPU
		{B7556E24-BA02-4849-8EEA-2FB4038D358B}.Release|Any CPU.Build.0 = Release|Any CPU
	EndGlobalSection
	GlobalSection(SolutionProperties) = preSolution
		HideSolutionNode = FALSE
	EndGlobalSection
	GlobalSection(ExtensibilityGlobals) = postSolution
		SolutionGuid = {715F9AEA-258F-4CDC-804E-6D5DA22BA749}
	EndGlobalSection
EndGlobal
